// !$*UTF8*$!
{
	archiveVersion = 1;
	classes = {
	};
	objectVersion = 46;
	objects = {

/* Begin PBXBuildFile section */
		2855D6321C36962D00306C1C /* AppDelegate.swift in Sources */ = {isa = PBXBuildFile; fileRef = 2855D6311C36962D00306C1C /* AppDelegate.swift */; };
		2855D6351C36962D00306C1C /* Detalle.xcdatamodeld in Sources */ = {isa = PBXBuildFile; fileRef = 2855D6331C36962D00306C1C /* Detalle.xcdatamodeld */; };
		2855D6371C36962D00306C1C /* MasterViewController.swift in Sources */ = {isa = PBXBuildFile; fileRef = 2855D6361C36962D00306C1C /* MasterViewController.swift */; };
		2855D6391C36962D00306C1C /* DetailViewController.swift in Sources */ = {isa = PBXBuildFile; fileRef = 2855D6381C36962D00306C1C /* DetailViewController.swift */; };
		2855D63C1C36962D00306C1C /* Main.storyboard in Resources */ = {isa = PBXBuildFile; fileRef = 2855D63A1C36962D00306C1C /* Main.storyboard */; };
		2855D63E1C36962D00306C1C /* Images.xcassets in Resources */ = {isa = PBXBuildFile; fileRef = 2855D63D1C36962D00306C1C /* Images.xcassets */; };
		2855D6411C36962D00306C1C /* LaunchScreen.xib in Resources */ = {isa = PBXBuildFile; fileRef = 2855D63F1C36962D00306C1C /* LaunchScreen.xib */; };
		2855D64D1C36962D00306C1C /* DetalleTests.swift in Sources */ = {isa = PBXBuildFile; fileRef = 2855D64C1C36962D00306C1C /* DetalleTests.swift */; };
		28628C5A1C36A6140077FFB7 /* busquedaController.swift in Sources */ = {isa = PBXBuildFile; fileRef = 28628C591C36A6140077FFB7 /* busquedaController.swift */; };
/* End PBXBuildFile section */

/* Begin PBXContainerItemProxy section */
		2855D6471C36962D00306C1C /* PBXContainerItemProxy */ = {
			isa = PBXContainerItemProxy;
			containerPortal = 2855D6241C36962D00306C1C /* Project object */;
			proxyType = 1;
			remoteGlobalIDString = 2855D62B1C36962D00306C1C;
			remoteInfo = Detalle;
		};
/* End PBXContainerItemProxy section */

/* Begin PBXFileReference section */
		2855D62C1C36962D00306C1C /* Detalle.app */ = {isa = PBXFileReference; explicitFileType = wrapper.application; includeInIndex = 0; path = Detalle.app; sourceTree = BUILT_PRODUCTS_DIR; };
		2855D6301C36962D00306C1C /* Info.plist */ = {isa = PBXFileReference; lastKnownFileType = text.plist.xml; path = Info.plist; sourceTree = "<group>"; };
		2855D6311C36962D00306C1C /* AppDelegate.swift */ = {isa = PBXFileReference; lastKnownFileType = sourcecode.swift; path = AppDelegate.swift; sourceTree = "<group>"; };
		2855D6341C36962D00306C1C /* Detalle.xcdatamodel */ = {isa = PBXFileReference; lastKnownFileType = wrapper.xcdatamodel; path = Detalle.xcdatamodel; sourceTree = "<group>"; };
		2855D6361C36962D00306C1C /* MasterViewController.swift */ = {isa = PBXFileReference; lastKnownFileType = sourcecode.swift; path = MasterViewController.swift; sourceTree = "<group>"; };
		2855D6381C36962D00306C1C /* DetailViewController.swift */ = {isa = PBXFileReference; lastKnownFileType = sourcecode.swift; path = DetailViewController.swift; sourceTree = "<group>"; };
		2855D63B1C36962D00306C1C /* Base */ = {isa = PBXFileReference; lastKnownFileType = file.storyboard; name = Base; path = Base.lproj/Main.storyboard; sourceTree = "<group>"; };
		2855D63D1C36962D00306C1C /* Images.xcassets */ = {isa = PBXFileReference; lastKnownFileType = folder.assetcatalog; path = Images.xcassets; sourceTree = "<group>"; };
		2855D6401C36962D00306C1C /* Base */ = {isa = PBXFileReference; lastKnownFileType = file.xib; name = Base; path = Base.lproj/LaunchScreen.xib; sourceTree = "<group>"; };
		2855D6461C36962D00306C1C /* DetalleTests.xctest */ = {isa = PBXFileReference; explicitFileType = wrapper.cfbundle; includeInIndex = 0; path = DetalleTests.xctest; sourceTree = BUILT_PRODUCTS_DIR; };
		2855D64B1C36962D00306C1C /* Info.plist */ = {isa = PBXFileReference; lastKnownFileType = text.plist.xml; path = Info.plist; sourceTree = "<group>"; };
		2855D64C1C36962D00306C1C /* DetalleTests.swift */ = {isa = PBXFileReference; lastKnownFileType = sourcecode.swift; path = DetalleTests.swift; sourceTree = "<group>"; };
		28628C591C36A6140077FFB7 /* busquedaController.swift */ = {isa = PBXFileReference; fileEncoding = 4; lastKnownFileType = sourcecode.swift; path = busquedaController.swift; sourceTree = "<group>"; };
/* End PBXFileReference section */

/* Begin PBXFrameworksBuildPhase section */
		2855D6291C36962D00306C1C /* Frameworks */ = {
			isa = PBXFrameworksBuildPhase;
			buildActionMask = 2147483647;
			files = (
			);
			runOnlyForDeploymentPostprocessing = 0;
		};
		2855D6431C36962D00306C1C /* Frameworks */ = {
			isa = PBXFrameworksBuildPhase;
			buildActionMask = 2147483647;
			files = (
			);
			runOnlyForDeploymentPostprocessing = 0;
		};
/* End PBXFrameworksBuildPhase section */

/* Begin PBXGroup section */
		2855D6231C36962D00306C1C = {
			isa = PBXGroup;
			children = (
				2855D62E1C36962D00306C1C /* Detalle */,
				2855D6491C36962D00306C1C /* DetalleTests */,
				2855D62D1C36962D00306C1C /* Products */,
			);
			sourceTree = "<group>";
		};
		2855D62D1C36962D00306C1C /* Products */ = {
			isa = PBXGroup;
			children = (
				2855D62C1C36962D00306C1C /* Detalle.app */,
				2855D6461C36962D00306C1C /* DetalleTests.xctest */,
			);
			name = Products;
			sourceTree = "<group>";
		};
		2855D62E1C36962D00306C1C /* Detalle */ = {
			isa = PBXGroup;
			children = (
				2855D6311C36962D00306C1C /* AppDelegate.swift */,
				2855D6361C36962D00306C1C /* MasterViewController.swift */,
				2855D6381C36962D00306C1C /* DetailViewController.swift */,
				2855D63A1C36962D00306C1C /* Main.storyboard */,
				2855D63D1C36962D00306C1C /* Images.xcassets */,
				2855D63F1C36962D00306C1C /* LaunchScreen.xib */,
				2855D6331C36962D00306C1C /* Detalle.xcdatamodeld */,
				2855D62F1C36962D00306C1C /* Supporting Files */,
				28628C591C36A6140077FFB7 /* busquedaController.swift */,
			);
			path = Detalle;
			sourceTree = "<group>";
		};
		2855D62F1C36962D00306C1C /* Supporting Files */ = {
			isa = PBXGroup;
			children = (
				2855D6301C36962D00306C1C /* Info.plist */,
			);
			name = "Supporting Files";
			sourceTree = "<group>";
		};
		2855D6491C36962D00306C1C /* DetalleTests */ = {
			isa = PBXGroup;
			children = (
				2855D64C1C36962D00306C1C /* DetalleTests.swift */,
				2855D64A1C36962D00306C1C /* Supporting Files */,
			);
			path = DetalleTests;
			sourceTree = "<group>";
		};
		2855D64A1C36962D00306C1C /* Supporting Files */ = {
			isa = PBXGroup;
			children = (
				2855D64B1C36962D00306C1C /* Info.plist */,
			);
			name = "Supporting Files";
			sourceTree = "<group>";
		};
/* End PBXGroup section */

/* Begin PBXNativeTarget section */
		2855D62B1C36962D00306C1C /* Detalle */ = {
			isa = PBXNativeTarget;
			buildConfigurationList = 2855D6501C36962D00306C1C /* Build configuration list for PBXNativeTarget "Detalle" */;
			buildPhases = (
				2855D6281C36962D00306C1C /* Sources */,
				2855D6291C36962D00306C1C /* Frameworks */,
				2855D62A1C36962D00306C1C /* Resources */,
			);
			buildRules = (
			);
			dependencies = (
			);
			name = Detalle;
			productName = Detalle;
			productReference = 2855D62C1C36962D00306C1C /* Detalle.app */;
			productType = "com.apple.product-type.application";
		};
		2855D6451C36962D00306C1C /* DetalleTests */ = {
			isa = PBXNativeTarget;
			buildConfigurationList = 2855D6531C36962D00306C1C /* Build configuration list for PBXNativeTarget "DetalleTests" */;
			buildPhases = (
				2855D6421C36962D00306C1C /* Sources */,
				2855D6431C36962D00306C1C /* Frameworks */,
				2855D6441C36962D00306C1C /* Resources */,
			);
			buildRules = (
			);
			dependencies = (
				2855D6481C36962D00306C1C /* PBXTargetDependency */,
			);
			name = DetalleTests;
			productName = DetalleTests;
			productReference = 2855D6461C36962D00306C1C /* DetalleTests.xctest */;
			productType = "com.apple.product-type.bundle.unit-test";
		};
/* End PBXNativeTarget section */

/* Begin PBXProject section */
		2855D6241C36962D00306C1C /* Project object */ = {
			isa = PBXProject;
			attributes = {
				LastUpgradeCheck = 0640;
				ORGANIZATIONNAME = olver;
				TargetAttributes = {
					2855D62B1C36962D00306C1C = {
						CreatedOnToolsVersion = 6.4;
					};
					2855D6451C36962D00306C1C = {
						CreatedOnToolsVersion = 6.4;
						TestTargetID = 2855D62B1C36962D00306C1C;
					};
				};
			};
			buildConfigurationList = 2855D6271C36962D00306C1C /* Build configuration list for PBXProject "Detalle" */;
			compatibilityVersion = "Xcode 3.2";
			developmentRegion = English;
			hasScannedForEncodings = 0;
			knownRegions = (
				en,
				Base,
			);
			mainGroup = 2855D6231C36962D00306C1C;
			productRefGroup = 2855D62D1C36962D00306C1C /* Products */;
			projectDirPath = "";
			projectRoot = "";
			targets = (
				2855D62B1C36962D00306C1C /* Detalle */,
				2855D6451C36962D00306C1C /* DetalleTests */,
			);
		};
/* End PBXProject section */

/* Begin PBXResourcesBuildPhase section */
		2855D62A1C36962D00306C1C /* Resources */ = {
			isa = PBXResourcesBuildPhase;
			buildActionMask = 2147483647;
			files = (
				2855D63C1C36962D00306C1C /* Main.storyboard in Resources */,
				2855D6411C36962D00306C1C /* LaunchScreen.xib in Resources */,
				2855D63E1C36962D00306C1C /* Images.xcassets in Resources */,
			);
			runOnlyForDeploymentPostprocessing = 0;
		};
		2855D6441C36962D00306C1C /* Resources */ = {
			isa = PBXResourcesBuildPhase;
			buildActionMask = 2147483647;
			files = (
			);
			runOnlyForDeploymentPostprocessing = 0;
		};
/* End PBXResourcesBuildPhase section */

/* Begin PBXSourcesBuildPhase section */
		2855D6281C36962D00306C1C /* Sources */ = {
			isa = PBXSourcesBuildPhase;
			buildActionMask = 2147483647;
			files = (
				2855D6321C36962D00306C1C /* AppDelegate.swift in Sources */,
				2855D6351C36962D00306C1C /* Detalle.xcdatamodeld in Sources */,
				2855D6371C36962D00306C1C /* MasterViewController.swift in Sources */,
				28628C5A1C36A6140077FFB7 /* busquedaController.swift in Sources */,
				2855D6391C36962D00306C1C /* DetailViewController.swift in Sources */,
			);
			runOnlyForDeploymentPostprocessing = 0;
		};
		2855D6421C36962D00306C1C /* Sources */ = {
			isa = PBXSourcesBuildPhase;
			buildActionMask = 2147483647;
			files = (
				2855D64D1C36962D00306C1C /* DetalleTests.swift in Sources */,
			);
			runOnlyForDeploymentPostprocessing = 0;
		};
/* End PBXSourcesBuildPhase section */

/* Begin PBXTargetDependency section */
		2855D6481C36962D00306C1C /* PBXTargetDependency */ = {
			isa = PBXTargetDependency;
			target = 2855D62B1C36962D00306C1C /* Detalle */;
			targetProxy = 2855D6471C36962D00306C1C /* PBXContainerItemProxy */;
		};
/* End PBXTargetDependency section */

/* Begin PBXVariantGroup section */
		2855D63A1C36962D00306C1C /* Main.storyboard */ = {
			isa = PBXVariantGroup;
			children = (
				2855D63B1C36962D00306C1C /* Base */,
			);
			name = Main.storyboard;
			sourceTree = "<group>";
		};
		2855D63F1C36962D00306C1C /* LaunchScreen.xib */ = {
			isa = PBXVariantGroup;
			children = (
				2855D6401C36962D00306C1C /* Base */,
			);
			name = LaunchScreen.xib;
			sourceTree = "<group>";
		};
/* End PBXVariantGroup section */

/* Begin XCBuildConfiguration section */
		2855D64E1C36962D00306C1C /* Debug */ = {
			isa = XCBuildConfiguration;
			buildSettings = {
				ALWAYS_SEARCH_USER_PATHS = NO;
				CLANG_CXX_LANGUAGE_STANDARD = "gnu++0x";
				CLANG_CXX_LIBRARY = "libc++";
				CLANG_ENABLE_MODULES = YES;
				CLANG_ENABLE_OBJC_ARC = YES;
				CLANG_WARN_BOOL_CONVERSION = YES;
				CLANG_WARN_CONSTANT_CONVERSION = YES;
				CLANG_WARN_DIRECT_OBJC_ISA_USAGE = YES_ERROR;
				CLANG_WARN_EMPTY_BODY = YES;
				CLANG_WARN_ENUM_CONVERSION = YES;
				CLANG_WARN_INT_CONVERSION = YES;
				CLANG_WARN_OBJC_ROOT_CLASS = YES_ERROR;
				CLANG_WARN_UNREACHABLE_CODE = YES;
				CLANG_WARN__DUPLICATE_METHOD_MATCH = YES;
				"CODE_SIGN_IDENTITY[sdk=iphoneos*]" = "iPhone Developer";
				COPY_PHASE_STRIP = NO;
				DEBUG_INFORMATION_FORMAT = "dwarf-with-dsym";
				ENABLE_STRICT_OBJC_MSGSEND = YES;
				GCC_C_LANGUAGE_STANDARD = gnu99;
				GCC_DYNAMIC_NO_PIC = NO;
				GCC_NO_COMMON_BLOCKS = YES;
				GCC_OPTIMIZATION_LEVEL = 0;
				GCC_PREPROCESSOR_DEFINITIONS = (
					"DEBUG=1",
					"$(inherited)",
				);
				GCC_SYMBOLS_PRIVATE_EXTERN = NO;
				GCC_WARN_64_TO_32_BIT_CONVERSION = YES;
				GCC_WARN_ABOUT_RETURN_TYPE = YES_ERROR;
				GCC_WARN_UNDECLARED_SELECTOR = YES;
				GCC_WARN_UNINITIALIZED_AUTOS = YES_AGGRESSIVE;
				GCC_WARN_UNUSED_FUNCTION = YES;
				GCC_WARN_UNUSED_VARIABLE = YES;
				IPHONEOS_DEPLOYMENT_TARGET = 8.4;
				MTL_ENABLE_DEBUG_INFO = YES;
				ONLY_ACTIVE_ARCH = YES;
				SDKROOT = iphoneos;
				SWIFT_OPTIMIZATION_LEVEL = "-Onone";
			};
			name = Debug;
		};
		2855D64F1C36962D00306C1C /* Release */ = {
			isa = XCBuildConfiguration;
			buildSettings = {
				ALWAYS_SEARCH_USER_PATHS = NO;
				CLANG_CXX_LANGUAGE_STANDARD = "gnu++0x";
				CLANG_CXX_LIBRARY = "libc++";
				CLANG_ENABLE_MODULES = YES;
				CLANG_ENABLE_OBJC_ARC = YES;
				CLANG_WARN_BOOL_CONVERSION = YES;
				CLANG_WARN_CONSTANT_CONVERSION = YES;
				CLANG_WARN_DIRECT_OBJC_ISA_USAGE = YES_ERROR;
				CLANG_WARN_EMPTY_BODY = YES;
				CLANG_WARN_ENUM_CONVERSION = YES;
				CLANG_WARN_INT_CONVERSION = YES;
				CLANG_WARN_OBJC_ROOT_CLASS = YES_ERROR;
				CLANG_WARN_UNREACHABLE_CODE = YES;
				CLANG_WARN__DUPLICATE_METHOD_MATCH = YES;
				"CODE_SIGN_IDENTITY[sdk=iphoneos*]" = "iPhone Developer";
				COPY_PHASE_STRIP = NO;
				DEBUG_INFORMATION_FORMAT = "dwarf-with-dsym";
				ENABLE_NS_ASSERTIONS = NO;
				ENABLE_STRICT_OBJC_MSGSEND = YES;
				GCC_C_LANGUAGE_STANDARD = gnu99;
				GCC_NO_COMMON_BLOCKS = YES;
				GCC_WARN_64_TO_32_BIT_CONVERSION = YES;
				GCC_WARN_ABOUT_RETURN_TYPE = YES_ERROR;
				GCC_WARN_UNDECLARED_SELECTOR = YES;
				GCC_WARN_UNINITIALIZED_AUTOS = YES_AGGRESSIVE;
				GCC_WARN_UNUSED_FUNCTION = YES;
				GCC_WARN_UNUSED_VARIABLE = YES;
				IPHONEOS_DEPLOYMENT_TARGET = 8.4;
				MTL_ENABLE_DEBUG_INFO = NO;
				SDKROOT = iphoneos;
				VALIDATE_PRODUCT = YES;
			};
			name = Release;
		};
		2855D6511C36962D00306C1C /* Debug */ = {
			isa = XCBuildConfiguration;
			buildSettings = {
				ASSETCATALOG_COMPILER_APPICON_NAME = AppIcon;
				INFOPLIST_FILE = Detalle/Info.plist;
				LD_RUNPATH_SEARCH_PATHS = "$(inherited) @executable_path/Frameworks";
				PRODUCT_NAME = "$(TARGET_NAME)";
			};
			name = Debug;
		};
		2855D6521C36962D00306C1C /* Release */ = {
			isa = XCBuildConfiguration;
			buildSettings = {
				ASSETCATALOG_COMPILER_APPICON_NAME = AppIcon;
				INFOPLIST_FILE = Detalle/Info.plist;
				LD_RUNPATH_SEARCH_PATHS = "$(inherited) @executable_path/Frameworks";
				PRODUCT_NAME = "$(TARGET_NAME)";
			};
			name = Release;
		};
		2855D6541C36962D00306C1C /* Debug */ = {
			isa = XCBuildConfiguration;
			buildSettings = {
				BUNDLE_LOADER = "$(TEST_HOST)";
				FRAMEWORK_SEARCH_PATHS = (
					"$(SDKROOT)/Developer/Library/Frameworks",
					"$(inherited)",
				);
				GCC_PREPROCESSOR_DEFINITIONS = (
					"DEBUG=1",
					"$(inherited)",
				);
				INFOPLIST_FILE = DetalleTests/Info.plist;
				LD_RUNPATH_SEARCH_PATHS = "$(inherited) @executable_path/Frameworks @loader_path/Frameworks";
				PRODUCT_NAME = "$(TARGET_NAME)";
				TEST_HOST = "$(BUILT_PRODUCTS_DIR)/Detalle.app/Detalle";
			};
			name = Debug;
		};
		2855D6551C36962D00306C1C /* Release */ = {
			isa = XCBuildConfiguration;
			buildSettings = {
				BUNDLE_LOADER = "$(TEST_HOST)";
				FRAMEWORK_SEARCH_PATHS = (
					"$(SDKROOT)/Developer/Library/Frameworks",
					"$(inherited)",
				);
				INFOPLIST_FILE = DetalleTests/Info.plist;
				LD_RUNPATH_SEARCH_PATHS = "$(inherited) @executable_path/Frameworks @loader_path/Frameworks";
				PRODUCT_NAME = "$(TARGET_NAME)";
				TEST_HOST = "$(BUILT_PRODUCTS_DIR)/Detalle.app/Detalle";
			};
			name = Release;
		};
/* End XCBuildConfiguration section */

/* Begin XCConfigurationList section */
		2855D6271C36962D00306C1C /* Build configuration list for PBXProject "Detalle" */ = {
			isa = XCConfigurationList;
			buildConfigurations = (
				2855D64E1C36962D00306C1C /* Debug */,
				2855D64F1C36962D00306C1C /* Release */,
			);
			defaultConfigurationIsVisible = 0;
			defaultConfigurationName = Release;
		};
		2855D6501C36962D00306C1C /* Build configuration list for PBXNativeTarget "Detalle" */ = {
			isa = XCConfigurationList;
			buildConfigurations = (
				2855D6511C36962D00306C1C /* Debug */,
				2855D6521C36962D00306C1C /* Release */,
			);
			defaultConfigurationIsVisible = 0;
			defaultConfigurationName = Release;
		};
		2855D6531C36962D00306C1C /* Build configuration list for PBXNativeTarget "DetalleTests" */ = {
			isa = XCConfigurationList;
			buildConfigurations = (
				2855D6541C36962D00306C1C /* Debug */,
				2855D6551C36962D00306C1C /* Release */,
			);
			defaultConfigurationIsVisible = 0;
			defaultConfigurationName = Release;
		};
/* End XCConfigurationList section */

/* Begin XCVersionGroup section */
		2855D6331C36962D00306C1C /* Detalle.xcdatamodeld */ = {
			isa = XCVersionGroup;
			children = (
				2855D6341C36962D00306C1C /* Detalle.xcdatamodel */,
			);
			currentVersion = 2855D6341C36962D00306C1C /* Detalle.xcdatamodel */;
			path = Detalle.xcdatamodeld;
			sourceTree = "<group>";
			versionGroupType = wrapper.xcdatamodel;
		};
/* End XCVersionGroup section */
	};
	rootObject = 2855D6241C36962D00306C1C /* Project object */;
}
